
Microsoft Visual Studio Solution File, Format Version 12.00
# Visual Studio Version 17
VisualStudioVersion = 17.9.34607.119
MinimumVisualStudioVersion = 10.0.40219.1
Project("{FAE04EC0-301F-11D3-BF4B-00C04F79EFBC}") = "Corkedfever.Education.Service", "Corkedfever.Education.Service.csproj", "{8AC50782-F5FF-4A03-9B72-D416DE834DE3}"
EndProject
Project("{2150E333-8FDC-42A3-9474-1A3956D46DE8}") = "Service", "Service", "{B47F2B32-0C38-439C-AEE1-59E5B4142178}"
EndProject
Project("{9A19103F-16F7-4668-BE54-9A1E7A4F7556}") = "Corkedfever.Education.Data", "..\Corkedfever.Education.Data\Corkedfever.Education.Data.csproj", "{FE75C774-7BFA-49A9-A3C3-9645028A8645}"
EndProject
Project("{9A19103F-16F7-4668-BE54-9A1E7A4F7556}") = "Corkedfever.Education.Business", "..\Corkedfever.Education.Business\Corkedfever.Education.Business.csproj", "{CFC75FCC-BE02-4580-9C50-E555CC25769D}"
EndProject
Global
	GlobalSection(SolutionConfigurationPlatforms) = preSolution
		Debug|Any CPU = Debug|Any CPU
		Release|Any CPU = Release|Any CPU
	EndGlobalSection
	GlobalSection(ProjectConfigurationPlatforms) = postSolution
		{8AC50782-F5FF-4A03-9B72-D416DE834DE3}.Debug|Any CPU.ActiveCfg = Debug|Any CPU
		{8AC50782-F5FF-4A03-9B72-D416DE834DE3}.Debug|Any CPU.Build.0 = Debug|Any CPU
		{8AC50782-F5FF-4A03-9B72-D416DE834DE3}.Release|Any CPU.ActiveCfg = Release|Any CPU
		{8AC50782-F5FF-4A03-9B72-D416DE834DE3}.Release|Any CPU.Build.0 = Release|Any CPU
		{FE75C774-7BFA-49A9-A3C3-9645028A8645}.Debug|Any CPU.ActiveCfg = Debug|Any CPU
		{FE75C774-7BFA-49A9-A3C3-9645028A8645}.Debug|Any CPU.Build.0 = Debug|Any CPU
		{FE75C774-7BFA-49A9-A3C3-9645028A8645}.Release|Any CPU.ActiveCfg = Release|Any CPU
		{FE75C774-7BFA-49A9-A3C3-9645028A8645}.Release|Any CPU.Build.0 = Release|Any CPU
		{CFC75FCC-BE02-4580-9C50-E555CC25769D}.Debug|Any CPU.ActiveCfg = Debug|Any CPU
		{CFC75FCC-BE02-4580-9C50-E555CC25769D}.Debug|Any CPU.Build.0 = Debug|Any CPU
		{CFC75FCC-BE02-4580-9C50-E555CC25769D}.Release|Any CPU.ActiveCfg = Release|Any CPU
		{CFC75FCC-BE02-4580-9C50-E555CC25769D}.Release|Any CPU.Build.0 = Release|Any CPU
	EndGlobalSection
	GlobalSection(SolutionProperties) = preSolution
		HideSolutionNode = FALSE
	EndGlobalSection
	GlobalSection(NestedProjects) = preSolution
		{8AC50782-F5FF-4A03-9B72-D416DE834DE3} = {B47F2B32-0C38-439C-AEE1-59E5B4142178}
		{FE75C774-7BFA-49A9-A3C3-9645028A8645} = {B47F2B32-0C38-439C-AEE1-59E5B4142178}
		{CFC75FCC-BE02-4580-9C50-E555CC25769D} = {B47F2B32-0C38-439C-AEE1-59E5B4142178}
	EndGlobalSection
	GlobalSection(ExtensibilityGlobals) = postSolution
		SolutionGuid = {3B185CCC-E85A-4EEE-BF2D-EBEE76D4281D}
	EndGlobalSection
EndGlobal
